
Microsoft Visual Studio Solution File, Format Version 12.00
# Visual Studio Version 17
VisualStudioVersion = 17.8.34330.188
MinimumVisualStudioVersion = 10.0.40219.1
Project("{9A19103F-16F7-4668-BE54-9A1E7A4F7556}") = "CollegeAPI", "CollegeAPI.csproj", "{FFCE78BB-F074-4C34-9CB1-04842C249060}"
	ProjectSection(ProjectDependencies) = postProject
		{E145C597-BE7A-4477-9306-ED86B223AE47} = {E145C597-BE7A-4477-9306-ED86B223AE47}
	EndProjectSection
EndProject
Project("{9A19103F-16F7-4668-BE54-9A1E7A4F7556}") = "studentrepository", "..\studentrepository\studentrepository.csproj", "{E145C597-BE7A-4477-9306-ED86B223AE47}"
EndProject
Project("{FAE04EC0-301F-11D3-BF4B-00C04F79EFBC}") = "CollegeAPI.Test", "..\CollegeAPI.Test\CollegeAPI.Test.csproj", "{1C1DA83F-A9EE-4D76-A915-7CE8BA21C864}"
	ProjectSection(ProjectDependencies) = postProject
		{FFCE78BB-F074-4C34-9CB1-04842C249060} = {FFCE78BB-F074-4C34-9CB1-04842C249060}
	EndProjectSection
EndProject
Global
	GlobalSection(SolutionConfigurationPlatforms) = preSolution
		Debug|Any CPU = Debug|Any CPU
		Release|Any CPU = Release|Any CPU
	EndGlobalSection
	GlobalSection(ProjectConfigurationPlatforms) = postSolution
		{FFCE78BB-F074-4C34-9CB1-04842C249060}.Debug|Any CPU.ActiveCfg = Debug|Any CPU
		{FFCE78BB-F074-4C34-9CB1-04842C249060}.Debug|Any CPU.Build.0 = Debug|Any CPU
		{FFCE78BB-F074-4C34-9CB1-04842C249060}.Release|Any CPU.ActiveCfg = Release|Any CPU
		{FFCE78BB-F074-4C34-9CB1-04842C249060}.Release|Any CPU.Build.0 = Release|Any CPU
		{E145C597-BE7A-4477-9306-ED86B223AE47}.Debug|Any CPU.ActiveCfg = Debug|Any CPU
		{E145C597-BE7A-4477-9306-ED86B223AE47}.Debug|Any CPU.Build.0 = Debug|Any CPU
		{E145C597-BE7A-4477-9306-ED86B223AE47}.Release|Any CPU.ActiveCfg = Release|Any CPU
		{E145C597-BE7A-4477-9306-ED86B223AE47}.Release|Any CPU.Build.0 = Release|Any CPU
		{1C1DA83F-A9EE-4D76-A915-7CE8BA21C864}.Debug|Any CPU.ActiveCfg = Debug|Any CPU
		{1C1DA83F-A9EE-4D76-A915-7CE8BA21C864}.Debug|Any CPU.Build.0 = Debug|Any CPU
		{1C1DA83F-A9EE-4D76-A915-7CE8BA21C864}.Release|Any CPU.ActiveCfg = Release|Any CPU
		{1C1DA83F-A9EE-4D76-A915-7CE8BA21C864}.Release|Any CPU.Build.0 = Release|Any CPU
	EndGlobalSection
	GlobalSection(SolutionProperties) = preSolution
		HideSolutionNode = FALSE
	EndGlobalSection
	GlobalSection(ExtensibilityGlobals) = postSolution
		SolutionGuid = {8DF3E525-2975-4E45-87A5-F9ACBBA9520C}
	EndGlobalSection
EndGlobal
